
Microsoft Visual Studio Solution File, Format Version 10.00
# Visual Studio 2008
Project("{FAE04EC0-301F-11D3-BF4B-00C04F79EFBC}") = "AutoGenStage", "AutoGenStage\AutoGenStage.csproj", "{5627EC63-4D3F-46D2-A0F1-B43656A4364C}"
EndProject
Project("{8BC9CEB8-8B4A-11D0-8D11-00A0C91BC942}") = "ReLips", "ReLips\ReLips.vcproj", "{A49B4C1F-960B-490F-AD59-9D4FA2C34267}"
EndProject
Project("{8BC9CEB8-8B4A-11D0-8D11-00A0C91BC942}") = "ReLipsLib", "ReLipsLib\ReLipsLib.vcproj", "{0287153E-A865-4ED8-B352-EA2BBB2B6F15}"
EndProject
Project("{FAE04EC0-301F-11D3-BF4B-00C04F79EFBC}") = "AutoGenStageTest", "AutoGenStageTest\AutoGenStageTest.csproj", "{FCCD3B20-2F65-4443-88B1-DBEAE17F4167}"
EndProject
Project("{2150E333-8FDC-42A3-9474-1A3956D46DE8}") = "Solution Items", "Solution Items", "{7D646F13-6F4E-4909-B4DA-997069BD7DB0}"
	ProjectSection(SolutionItems) = preProject
		LocalTestRun.testrunconfig = LocalTestRun.testrunconfig
		ReLipsProject.vsmdi = ReLipsProject.vsmdi
	EndProjectSection
EndProject
Global
	GlobalSection(TestCaseManagementSettings) = postSolution
		CategoryFile = ReLipsProject.vsmdi
	EndGlobalSection
	GlobalSection(SolutionConfigurationPlatforms) = preSolution
		Debug|Any CPU = Debug|Any CPU
		Debug|Mixed Platforms = Debug|Mixed Platforms
		Debug|Win32 = Debug|Win32
		Release|Any CPU = Release|Any CPU
		Release|Mixed Platforms = Release|Mixed Platforms
		Release|Win32 = Release|Win32
	EndGlobalSection
	GlobalSection(ProjectConfigurationPlatforms) = postSolution
		{5627EC63-4D3F-46D2-A0F1-B43656A4364C}.Debug|Any CPU.ActiveCfg = Debug|Any CPU
		{5627EC63-4D3F-46D2-A0F1-B43656A4364C}.Debug|Any CPU.Build.0 = Debug|Any CPU
		{5627EC63-4D3F-46D2-A0F1-B43656A4364C}.Debug|Mixed Platforms.ActiveCfg = Debug|Any CPU
		{5627EC63-4D3F-46D2-A0F1-B43656A4364C}.Debug|Mixed Platforms.Build.0 = Debug|Any CPU
		{5627EC63-4D3F-46D2-A0F1-B43656A4364C}.Debug|Win32.ActiveCfg = Debug|Any CPU
		{5627EC63-4D3F-46D2-A0F1-B43656A4364C}.Release|Any CPU.ActiveCfg = Release|Any CPU
		{5627EC63-4D3F-46D2-A0F1-B43656A4364C}.Release|Any CPU.Build.0 = Release|Any CPU
		{5627EC63-4D3F-46D2-A0F1-B43656A4364C}.Release|Mixed Platforms.ActiveCfg = Release|Any CPU
		{5627EC63-4D3F-46D2-A0F1-B43656A4364C}.Release|Mixed Platforms.Build.0 = Release|Any CPU
		{5627EC63-4D3F-46D2-A0F1-B43656A4364C}.Release|Win32.ActiveCfg = Release|Any CPU
		{A49B4C1F-960B-490F-AD59-9D4FA2C34267}.Debug|Any CPU.ActiveCfg = Debug|Win32
		{A49B4C1F-960B-490F-AD59-9D4FA2C34267}.Debug|Mixed Platforms.ActiveCfg = Debug|Win32
		{A49B4C1F-960B-490F-AD59-9D4FA2C34267}.Debug|Mixed Platforms.Build.0 = Debug|Win32
		{A49B4C1F-960B-490F-AD59-9D4FA2C34267}.Debug|Win32.ActiveCfg = Debug|Win32
		{A49B4C1F-960B-490F-AD59-9D4FA2C34267}.Debug|Win32.Build.0 = Debug|Win32
		{A49B4C1F-960B-490F-AD59-9D4FA2C34267}.Release|Any CPU.ActiveCfg = Release|Win32
		{A49B4C1F-960B-490F-AD59-9D4FA2C34267}.Release|Mixed Platforms.ActiveCfg = Release|Win32
		{A49B4C1F-960B-490F-AD59-9D4FA2C34267}.Release|Mixed Platforms.Build.0 = Release|Win32
		{A49B4C1F-960B-490F-AD59-9D4FA2C34267}.Release|Win32.ActiveCfg = Release|Win32
		{A49B4C1F-960B-490F-AD59-9D4FA2C34267}.Release|Win32.Build.0 = Release|Win32
		{0287153E-A865-4ED8-B352-EA2BBB2B6F15}.Debug|Any CPU.ActiveCfg = Debug|Win32
		{0287153E-A865-4ED8-B352-EA2BBB2B6F15}.Debug|Mixed Platforms.ActiveCfg = Debug|Win32
		{0287153E-A865-4ED8-B352-EA2BBB2B6F15}.Debug|Mixed Platforms.Build.0 = Debug|Win32
		{0287153E-A865-4ED8-B352-EA2BBB2B6F15}.Debug|Win32.ActiveCfg = Debug|Win32
		{0287153E-A865-4ED8-B352-EA2BBB2B6F15}.Debug|Win32.Build.0 = Debug|Win32
		{0287153E-A865-4ED8-B352-EA2BBB2B6F15}.Release|Any CPU.ActiveCfg = Release|Win32
		{0287153E-A865-4ED8-B352-EA2BBB2B6F15}.Release|Mixed Platforms.ActiveCfg = Release|Win32
		{0287153E-A865-4ED8-B352-EA2BBB2B6F15}.Release|Mixed Platforms.Build.0 = Release|Win32
		{0287153E-A865-4ED8-B352-EA2BBB2B6F15}.Release|Win32.ActiveCfg = Release|Win32
		{0287153E-A865-4ED8-B352-EA2BBB2B6F15}.Release|Win32.Build.0 = Release|Win32
		{FCCD3B20-2F65-4443-88B1-DBEAE17F4167}.Debug|Any CPU.ActiveCfg = Debug|Any CPU
		{FCCD3B20-2F65-4443-88B1-DBEAE17F4167}.Debug|Any CPU.Build.0 = Debug|Any CPU
		{FCCD3B20-2F65-4443-88B1-DBEAE17F4167}.Debug|Mixed Platforms.ActiveCfg = Debug|Any CPU
		{FCCD3B20-2F65-4443-88B1-DBEAE17F4167}.Debug|Mixed Platforms.Build.0 = Debug|Any CPU
		{FCCD3B20-2F65-4443-88B1-DBEAE17F4167}.Debug|Win32.ActiveCfg = Debug|Any CPU
		{FCCD3B20-2F65-4443-88B1-DBEAE17F4167}.Release|Any CPU.ActiveCfg = Release|Any CPU
		{FCCD3B20-2F65-4443-88B1-DBEAE17F4167}.Release|Any CPU.Build.0 = Release|Any CPU
		{FCCD3B20-2F65-4443-88B1-DBEAE17F4167}.Release|Mixed Platforms.ActiveCfg = Release|Any CPU
		{FCCD3B20-2F65-4443-88B1-DBEAE17F4167}.Release|Mixed Platforms.Build.0 = Release|Any CPU
		{FCCD3B20-2F65-4443-88B1-DBEAE17F4167}.Release|Win32.ActiveCfg = Release|Any CPU
	EndGlobalSection
	GlobalSection(SolutionProperties) = preSolution
		HideSolutionNode = FALSE
	EndGlobalSection
EndGlobal
